# This file is automatically @generated by Cargo.
# It is not intended for manual editing.
[[package]]
name = "svg"
version = "0.9.1"
source = "registry+https://github.com/rust-lang/crates.io-index"
checksum = "a95656b5b37251de210aa2751d538b6f31ce375bacf725a32223bfa6344e0776"

[[package]]
name = "trapped-knight"
version = "0.1.0"
dependencies = [
 "svg",
]
